# THIS IS AN AUTOGENERATED FILE. DO NOT EDIT THIS FILE DIRECTLY.
# yarn lockfile v1


"@terascope/job-components@^0.24.0":
  version "0.24.0"
  resolved "https://registry.yarnpkg.com/@terascope/job-components/-/job-components-0.24.0.tgz#9e7a5725ad861f2da0cc6432a4c10a30745e89dd"
  integrity sha512-DzTSBvMY+zpNVw+iA0VcrKFDc52P5VkLDUY1Wz+ZJmVVRJzL5cwxTH9ZhiI2rieEjWY60XqpW3nuk9W+AOzBQA==
  dependencies:
    "@terascope/queue" "^1.1.7"
    "@terascope/utils" "^0.20.7"
    convict "^4.4.1"
    datemath-parser "^1.0.6"
    uuid "^3.3.3"

"@terascope/queue@^1.1.7":
  version "1.1.7"
  resolved "https://registry.yarnpkg.com/@terascope/queue/-/queue-1.1.7.tgz#26cd3a42747ec802744f9b86c08034b0bbe07091"
  integrity sha512-foPas4K4rShs0RxtLNauC9ssXbzWvf5YzCa+6tJ9BAEk+PfjHJhi9bPDL6stXfcHroKtbet49dPwFbFIJJAOHw==

"@terascope/utils@^0.20.7":
  version "0.20.7"
  resolved "https://registry.yarnpkg.com/@terascope/utils/-/utils-0.20.7.tgz#ce60891c9cb1e25114ade674c9efb48d871a6d49"
  integrity sha512-wYgHicp56E52PbTkbLfeHsMvwdQwGvEW+CsbEYALYqGtqaPVY3QTN2a6Gj+rQZreUJWJZN3Ze9q0q4J4Yf756A==
  dependencies:
    debug "^4.1.1"
    is-plain-object "^3.0.0"
    js-string-escape "^1.0.1"
    kind-of "^6.0.2"
    lodash.clonedeep "^4.5.0"
    lodash.get "^4.4.2"
    lodash.set "^4.3.2"
    lodash.unset "^4.5.2"

"@terascope/utils@^0.21.0":
  version "0.21.0"
  resolved "https://registry.yarnpkg.com/@terascope/utils/-/utils-0.21.0.tgz#1e2c7effbfec62d10479805a7b89340630caae96"
  integrity sha512-sHl+yM0w0WWc89A5R0BjOA0d9j39IsKWwvUmcErzdkdVwibI9mLMDv9Mdqr811ylsFWK25Gtuw5HRveDF+FCmg==
  dependencies:
    debug "^4.1.1"
    is-plain-object "^3.0.0"
    js-string-escape "^1.0.1"
    kind-of "^6.0.2"
    lodash.clonedeep "^4.5.0"
    lodash.get "^4.4.2"
    lodash.set "^4.3.2"
    lodash.unset "^4.5.2"

"@turf/bbox-polygon@^6.0.1":
  version "6.0.1"
  resolved "https://registry.yarnpkg.com/@turf/bbox-polygon/-/bbox-polygon-6.0.1.tgz#ae0fbb14558831fb34538aae089a23d3336c6379"
  integrity sha512-f6BK6GOzUNjmJeOYHklk/5LNcQMQbo51gvAM10dTM5IqzKP01KM5bgV88uOKfSZB0HRQVpaRV1tgXk2bg5cPRg==
  dependencies:
    "@turf/helpers" "6.x"

"@turf/bbox@*", "@turf/bbox@6.x", "@turf/bbox@^6.0.1":
  version "6.0.1"
  resolved "https://registry.yarnpkg.com/@turf/bbox/-/bbox-6.0.1.tgz#b966075771475940ee1c16be2a12cf389e6e923a"
  integrity sha512-EGgaRLettBG25Iyx7VyUINsPpVj1x3nFQFiGS3ER8KCI1MximzNLsam3eXRabqQDjyAKyAE1bJ4EZEpGvspQxw==
  dependencies:
    "@turf/helpers" "6.x"
    "@turf/meta" "6.x"

"@turf/bearing@6.x":
  version "6.0.1"
  resolved "https://registry.yarnpkg.com/@turf/bearing/-/bearing-6.0.1.tgz#8da5d17092e571f170cde7bfb2e5b0d74923c92d"
  integrity sha512-mXY1NozqV9EFfBTbUItujwfqfQF0G/Xe2fzvnZle90ekPEUfhi4Dgf5JswJTd96J9LiT8kcd6Jonp5khnx0wIg==
  dependencies:
    "@turf/helpers" "6.x"
    "@turf/invariant" "6.x"

"@turf/boolean-contains@^6.0.1":
  version "6.0.1"
  resolved "https://registry.yarnpkg.com/@turf/boolean-contains/-/boolean-contains-6.0.1.tgz#c3c583215fc5bda47ede51cf52d735ffdc1006a5"
  integrity sha512-usAexEdWu7dV43paowGSFEM0PljexnlOuj09HF/VDZwO3FKelwUovF2ymetYatuG7KcIYcexeNEkQ5qQnGExlw==
  dependencies:
    "@turf/bbox" "6.x"
    "@turf/boolean-point-in-polygon" "6.x"
    "@turf/boolean-point-on-line" "6.x"
    "@turf/helpers" "6.x"
    "@turf/invariant" "6.x"

"@turf/boolean-disjoint@^6.0.2":
  version "6.0.2"
  resolved "https://registry.yarnpkg.com/@turf/boolean-disjoint/-/boolean-disjoint-6.0.2.tgz#5d6d0f4b4b8d5fe03004d74d978044c7529b294f"
  integrity sha512-xgdqPOXhvCwetoybkYZwBLKro1XxqZgS+xk6Ygb2Jt6btR5P/t0lJ5n85fN0YQuJlR8hEVvCGTYZ0IRTyIEvsQ==
  dependencies:
    "@turf/boolean-point-in-polygon" "6.x"
    "@turf/helpers" "6.x"
    "@turf/line-intersect" "6.x"
    "@turf/meta" "6.x"
    "@turf/polygon-to-line" "6.x"

"@turf/boolean-equal@^6.0.1":
  version "6.0.1"
  resolved "https://registry.yarnpkg.com/@turf/boolean-equal/-/boolean-equal-6.0.1.tgz#66b399e67d09cae3e8363d17b921a98b786cf69f"
  integrity sha512-E39v/PgWc/e1zNqwhtH5+RxA+hDYFlZUtAqE44nUKCEYeU50AIDvNznZ0wUFN+5anRfJOAKr+UZApza+QIdC8Q==
  dependencies:
    "@turf/clean-coords" "6.0.0"
    "@turf/helpers" "6.x"
    "@turf/invariant" "6.x"
    geojson-equality "0.1.6"

"@turf/boolean-overlap@^6.0.1":
  version "6.0.1"
  resolved "https://registry.yarnpkg.com/@turf/boolean-overlap/-/boolean-overlap-6.0.1.tgz#6cd8fc5ae3fbf52ffd31e4cb31d62ef574356c16"
  integrity sha512-Ud6a75BzNYICVc5/Pf/GJ/3M5XZci6AOGlBNUPvhUrG4nT4NNYeXIpVrx1FB/tAg8EwZZXlhwSO26CTDC13XlA==
  dependencies:
    "@turf/helpers" "6.x"
    "@turf/invariant" "6.x"
    "@turf/line-intersect" "6.x"
    "@turf/line-overlap" "6.x"
    "@turf/meta" "6.x"
    geojson-equality "0.1.6"

"@turf/boolean-point-in-polygon@6.x", "@turf/boolean-point-in-polygon@^6.0.1":
  version "6.0.1"
  resolved "https://registry.yarnpkg.com/@turf/boolean-point-in-polygon/-/boolean-point-in-polygon-6.0.1.tgz#5836677afd77d2ee391af0056a0c29b660edfa32"
  integrity sha512-FKLOZ124vkJhjzNSDcqpwp2NvfnsbYoUOt5iAE7uskt4svix5hcjIEgX9sELFTJpbLGsD1mUbKdfns8tZxcMNg==
  dependencies:
    "@turf/helpers" "6.x"
    "@turf/invariant" "6.x"

"@turf/boolean-point-on-line@6.x":
  version "6.0.1"
  resolved "https://registry.yarnpkg.com/@turf/boolean-point-on-line/-/boolean-point-on-line-6.0.1.tgz#d943c242a5fdcde03f8ad0221750fd1aacf06223"
  integrity sha512-Vl724Tzh4CF/13kgblOAQnMcHagromCP1EfyJ9G/8SxpSoTYeY2G6FmmcpbW51GqKxC7xgM9+Pck50dun7oYkg==
  dependencies:
    "@turf/helpers" "6.x"
    "@turf/invariant" "6.x"

"@turf/boolean-within@^6.0.1":
  version "6.0.1"
  resolved "https://registry.yarnpkg.com/@turf/boolean-within/-/boolean-within-6.0.1.tgz#eac2ebe4962e840dd16f0dc56486469eeb92975f"
  integrity sha512-fAzDoWzA4UvUE99G8VqQjVg+PSrPBACM9+SLcl0vkbxIhTjoknpTUwSfH86EgKiCkTDttiDIs/q27xZ4H+mgLQ==
  dependencies:
    "@turf/bbox" "6.x"
    "@turf/boolean-point-in-polygon" "6.x"
    "@turf/boolean-point-on-line" "6.x"
    "@turf/helpers" "6.x"
    "@turf/invariant" "6.x"

"@turf/circle@^6.0.1":
  version "6.0.1"
  resolved "https://registry.yarnpkg.com/@turf/circle/-/circle-6.0.1.tgz#0ab72083373ae3c76b700c17a504ab1b5c0910b9"
  integrity sha512-pF9XsYtCvY9ZyNqJ3hFYem9VaiGdVNQb0SFq/zzDMwH3iWZPPJQHnnDB/3e8RD1VDtBBov9p5uO2k7otsfezjw==
  dependencies:
    "@turf/destination" "6.x"
    "@turf/helpers" "6.x"

"@turf/clean-coords@6.0.0":
  version "6.0.0"
  resolved "https://registry.yarnpkg.com/@turf/clean-coords/-/clean-coords-6.0.0.tgz#edac2b00dcbfd61c42dd035bfd5f21075c887565"
  integrity sha512-yBjEq3qglN5qv7zYutDlpTXnV2bmTKroaALqVM4IH/fUuMDufLXj+J8koLyCKa/GsmyyGyh3qOIRdYcurx2yMA==
  dependencies:
    "@turf/helpers" "6.x"
    "@turf/invariant" "6.x"

"@turf/destination@6.x":
  version "6.0.1"
  resolved "https://registry.yarnpkg.com/@turf/destination/-/destination-6.0.1.tgz#5275887fa96ec463f44864a2c17f0b712361794a"
  integrity sha512-MroK4nRdp7as174miCAugp8Uvorhe6rZ7MJiC9Hb4+hZR7gNFJyVKmkdDDXIoCYs6MJQsx0buI+gsCpKwgww0Q==
  dependencies:
    "@turf/helpers" "6.x"
    "@turf/invariant" "6.x"

"@turf/distance@6.x":
  version "6.0.1"
  resolved "https://registry.yarnpkg.com/@turf/distance/-/distance-6.0.1.tgz#0761f28784286e7865a427c4e7e3593569c2dea8"
  integrity sha512-q7t7rWIWfkg7MP1Vt4uLjSEhe5rPfCO2JjpKmk7JC+QZKEQkuvHEqy3ejW1iC7Kw5ZcZNR3qdMGGz+6HnVwqvg==
  dependencies:
    "@turf/helpers" "6.x"
    "@turf/invariant" "6.x"

"@turf/helpers@6.x", "@turf/helpers@^6.1.4":
  version "6.1.4"
  resolved "https://registry.yarnpkg.com/@turf/helpers/-/helpers-6.1.4.tgz#d6fd7ebe6782dd9c87dca5559bda5c48ae4c3836"
  integrity sha512-vJvrdOZy1ngC7r3MDA7zIGSoIgyrkWcGnNIEaqn/APmw+bVLF2gAW7HIsdTxd12s5wQMqEpqIQrmrbRRZ0xC7g==

"@turf/invariant@6.x":
  version "6.1.2"
  resolved "https://registry.yarnpkg.com/@turf/invariant/-/invariant-6.1.2.tgz#6013ed6219f9ac2edada9b31e1dfa5918eb0a2f7"
  integrity sha512-WU08Ph8j0J2jVGlQCKChXoCtI50BB3yEH21V++V0T4cR1T27HKCxkehV2sYMwTierfMBgjwSwDIsxnR4/2mWXg==
  dependencies:
    "@turf/helpers" "6.x"

"@turf/line-intersect@6.x":
  version "6.0.2"
  resolved "https://registry.yarnpkg.com/@turf/line-intersect/-/line-intersect-6.0.2.tgz#b45b7a4e7e08c39a0e4e91099580ed377ef7335f"
  integrity sha512-pfL/lBu7ukBPdTjvSCmcNUzZ83V4R95htwqs5NqU8zeS4R+5KTwacbrOYKztjpmHBwUmPEIIpSbqkUoD0Fp7kg==
  dependencies:
    "@turf/helpers" "6.x"
    "@turf/invariant" "6.x"
    "@turf/line-segment" "6.x"
    "@turf/meta" "6.x"
    geojson-rbush "3.x"

"@turf/line-overlap@6.x":
  version "6.0.2"
  resolved "https://registry.yarnpkg.com/@turf/line-overlap/-/line-overlap-6.0.2.tgz#26a957ff63aac90b7d92a14ff7288dfe0653e715"
  integrity sha512-Y7VTttNM+31R2hPa9N4a9ZaX/n1eOHvJkeBivXr/LBZClba365IzD9vtljYHMZQqD3SN7VmFJSmJyBIghO4V3Q==
  dependencies:
    "@turf/boolean-point-on-line" "6.x"
    "@turf/helpers" "6.x"
    "@turf/invariant" "6.x"
    "@turf/line-segment" "6.x"
    "@turf/meta" "6.x"
    "@turf/nearest-point-on-line" "6.x"
    deep-equal "1.x"
    geojson-rbush "3.x"

"@turf/line-segment@6.x":
  version "6.0.2"
  resolved "https://registry.yarnpkg.com/@turf/line-segment/-/line-segment-6.0.2.tgz#e280bcde70d28b694028ec1623dc406c928e59b6"
  integrity sha512-8AkzDHoNw3X68y115josal+lvdAi4b2P1K0YNTKGyLRBaUhPXVSuMBpMd53FRF1hYEb9UJgMbugF9ZE7m5L6zg==
  dependencies:
    "@turf/helpers" "6.x"
    "@turf/invariant" "6.x"
    "@turf/meta" "6.x"

"@turf/line-to-polygon@^6.0.1":
  version "6.0.1"
  resolved "https://registry.yarnpkg.com/@turf/line-to-polygon/-/line-to-polygon-6.0.1.tgz#0f33ba14344fa86bde7cc9b78a8dbc53348fd26c"
  integrity sha512-MO97h57gAP0nn7SrmOPkCTK44KoR1rUgiLVflUSfX/cT1My5xcFufakKL/5Qq8+B2JW8Q4kN6NFcgAeoO514tw==
  dependencies:
    "@turf/bbox" "6.x"
    "@turf/helpers" "6.x"
    "@turf/invariant" "6.x"

"@turf/meta@6.x":
  version "6.0.2"
  resolved "https://registry.yarnpkg.com/@turf/meta/-/meta-6.0.2.tgz#eb92951126d24a613ac1b7b99d733fcc20fd30cf"
  integrity sha512-VA7HJkx7qF1l3+GNGkDVn2oXy4+QoLP6LktXAaZKjuT1JI0YESat7quUkbCMy4zP9lAUuvS4YMslLyTtr919FA==
  dependencies:
    "@turf/helpers" "6.x"

"@turf/nearest-point-on-line@6.x":
  version "6.0.2"
  resolved "https://registry.yarnpkg.com/@turf/nearest-point-on-line/-/nearest-point-on-line-6.0.2.tgz#4b2c1177595d9a1743af76905a9013ced03bc0dc"
  integrity sha512-re9tSEwYyG1EMo4ObXXAKYVhkMVANPIIJQ1V/J1lKcNfHVc1pYmd3D5jkTNBh+oriI9VL4PVML3eqYE+Zcg0mg==
  dependencies:
    "@turf/bearing" "6.x"
    "@turf/destination" "6.x"
    "@turf/distance" "6.x"
    "@turf/helpers" "6.x"
    "@turf/invariant" "6.x"
    "@turf/line-intersect" "6.x"
    "@turf/meta" "6.x"

"@turf/polygon-to-line@6.x":
  version "6.0.3"
  resolved "https://registry.yarnpkg.com/@turf/polygon-to-line/-/polygon-to-line-6.0.3.tgz#a7c5416f61651d5d25ff51ee006522725cb1adf1"
  integrity sha512-cJUy7VYLAhgnTBOtYFjNzh5bSlAS/qM8gUHXRGrIxI22RUJk4FXs/X2MEJ4Ki2flCiSeOjRIUEawEslNe7w7RA==
  dependencies:
    "@turf/helpers" "6.x"
    "@turf/invariant" "6.x"

"@types/color-name@^1.1.1":
  version "1.1.1"
  resolved "https://registry.yarnpkg.com/@types/color-name/-/color-name-1.1.1.tgz#1c1261bbeaa10a8055bbc5d8ab84b7b2afc846a0"
  integrity sha512-rr+OQyAjxze7GgWrSaJwydHStIhHq2lvY3BOC2Mj7KnzI7XK0Uw1TOOdI9lDoajEbSWLiYgoo4f1R51erQfhPQ==

"@types/graphlib@^2.1.5":
  version "2.1.5"
  resolved "https://registry.yarnpkg.com/@types/graphlib/-/graphlib-2.1.5.tgz#ed0435f99c91531aaa93086529804bbe3cd42c3b"
  integrity sha512-ZNQa42alTPUbBZ6c2einxsHmnz/YX/CqB8a1P5QTmbBqr9Q4x01fqPdXwBmMBQOm67fg9rACpidyIaCtvg8RVQ==

"@types/shortid@^0.0.29":
  version "0.0.29"
  resolved "https://registry.yarnpkg.com/@types/shortid/-/shortid-0.0.29.tgz#8093ee0416a6e2bf2aa6338109114b3fbffa0e9b"
  integrity sha1-gJPuBBam4r8qpjOBCRFLP7/6Dps=

ansi-regex@^5.0.0:
  version "5.0.0"
  resolved "https://registry.yarnpkg.com/ansi-regex/-/ansi-regex-5.0.0.tgz#388539f55179bf39339c81af30a654d69f87cb75"
  integrity sha512-bY6fj56OUQ0hU1KjFNDQuJFezqKdrAyFdIevADiqrWHwSlbmBNMHp5ak2f40Pm8JTFyM2mqxkG6ngkHO11f/lg==

ansi-styles@^4.0.0:
  version "4.2.0"
  resolved "https://registry.yarnpkg.com/ansi-styles/-/ansi-styles-4.2.0.tgz#5681f0dcf7ae5880a7841d8831c4724ed9cc0172"
  integrity sha512-7kFQgnEaMdRtwf6uSfUnVr9gSGC7faurn+J/Mv90/W+iTtN0405/nLdopfMWwchyxhbGYl6TC4Sccn9TUkGAgg==
  dependencies:
    "@types/color-name" "^1.1.1"
    color-convert "^2.0.1"

assert-plus@1.0.0, assert-plus@^1.0.0:
  version "1.0.0"
  resolved "https://registry.yarnpkg.com/assert-plus/-/assert-plus-1.0.0.tgz#f12e0f3c5d77b0b1cdd9146942e4e96c1e4dd525"
  integrity sha1-8S4PPF13sLHN2RRpQuTpbB5N1SU=

awesome-phonenumber@^2.24.0:
  version "2.24.0"
  resolved "https://registry.yarnpkg.com/awesome-phonenumber/-/awesome-phonenumber-2.24.0.tgz#4f9f236cb86c53b8a76ea1ae090680da4bbb3770"
  integrity sha512-0zrNsYYFywSTLR3RcwgpokESiDH9bEuiEzlEqg9LFbno7F6x86ES8EZA9roLb2jfNdqjK5rCvmxw5/mjdoKkQQ==

camelcase@^5.0.0:
  version "5.3.1"
  resolved "https://registry.yarnpkg.com/camelcase/-/camelcase-5.3.1.tgz#e3c9b31569e106811df242f715725a1f4c494320"
  integrity sha512-L28STB170nwWS63UjtlEOE3dldQApaJXZkOI1uMFfzf3rRuPegHaHesyee+YxQ+W6SvRDQV6UrdOdRiR153wJg==

cidr-regex@^2.0.10:
  version "2.0.10"
  resolved "https://registry.yarnpkg.com/cidr-regex/-/cidr-regex-2.0.10.tgz#af13878bd4ad704de77d6dc800799358b3afa70d"
  integrity sha512-sB3ogMQXWvreNPbJUZMRApxuRYd+KoIo4RGQ81VatjmMW6WJPo+IJZ2846FGItr9VzKo5w7DXzijPLGtSd0N3Q==
  dependencies:
    ip-regex "^2.1.0"

cliui@^6.0.0:
  version "6.0.0"
  resolved "https://registry.yarnpkg.com/cliui/-/cliui-6.0.0.tgz#511d702c0c4e41ca156d7d0e96021f23e13225b1"
  integrity sha512-t6wbgtoCXvAzst7QgXxJYqPt0usEfbgQdftEPbLL/cvv6HPE5VgvqCuAIDR0NgU52ds6rFwqrgakNLrHEjCbrQ==
  dependencies:
    string-width "^4.2.0"
    strip-ansi "^6.0.0"
    wrap-ansi "^6.2.0"

color-convert@^2.0.1:
  version "2.0.1"
  resolved "https://registry.yarnpkg.com/color-convert/-/color-convert-2.0.1.tgz#72d3a68d598c9bdb3af2ad1e84f21d896abd4de3"
  integrity sha512-RRECPsj7iu/xb5oKYcsFHSppFNnsj/52OVTRKb4zP5onXwVF3zVmmToNcOfGC+CRDpfK/U584fMg38ZHCaElKQ==
  dependencies:
    color-name "~1.1.4"

color-name@~1.1.4:
  version "1.1.4"
  resolved "https://registry.yarnpkg.com/color-name/-/color-name-1.1.4.tgz#c2a09a87acbde69543de6f63fa3995c826c536a2"
  integrity sha512-dOy+3AuW3a2wNbZHIuMZpTcgjGuLU/uBL/ubcZF9OXbDo8ff4O8yVp5Bf0efS8uEoYo5q4Fx7dY9OgQGXgAsQA==

convict@^4.4.1:
  version "4.4.1"
  resolved "https://registry.yarnpkg.com/convict/-/convict-4.4.1.tgz#87f93c2a4f51bfc961e2873864442d0349a1b0d0"
  integrity sha512-celpR4hOWWwb/S8azhzgQwDon6muAJlNe2LTLeOGyoSgH390TsaqoieAe9BLbAv7+9wNfG7DTA2q3IfFp2viKw==
  dependencies:
    depd "1.1.2"
    json5 "1.0.1"
    lodash.clonedeep "4.5.0"
    moment "2.22.2"
    validator "10.8.0"
    yargs-parser "11.0.0"

core-util-is@1.0.2:
  version "1.0.2"
  resolved "https://registry.yarnpkg.com/core-util-is/-/core-util-is-1.0.2.tgz#b5fd54220aa2bc5ab57aab7140c940754503c1a7"
  integrity sha1-tf1UIgqivFq1eqtxQMlAdUUDwac=

date-fns@^2.8.1:
  version "2.8.1"
  resolved "https://registry.yarnpkg.com/date-fns/-/date-fns-2.8.1.tgz#2109362ccb6c87c3ca011e9e31f702bc09e4123b"
  integrity sha512-EL/C8IHvYRwAHYgFRse4MGAPSqlJVlOrhVYZ75iQBKrnv+ZedmYsgwH3t+BCDuZDXpoo07+q9j4qgSSOa7irJg==

datemath-parser@^1.0.6:
  version "1.0.6"
  resolved "https://registry.yarnpkg.com/datemath-parser/-/datemath-parser-1.0.6.tgz#d527dabf8541b3da1b661d81c16c328f3b9a8dc5"
  integrity sha512-TEB1YBiGnLAn8lG8ZRf88NCHEERo04xdi1zVGSb//X4nQZs9yqLX7ZM2Ra1PIx+ivnT6j596c8p9QmUX4Y+ddg==
  dependencies:
    moment "^2.22.2"

debug@^4.1.1:
  version "4.1.1"
  resolved "https://registry.yarnpkg.com/debug/-/debug-4.1.1.tgz#3b72260255109c6b589cee050f1d516139664791"
  integrity sha512-pYAIzeRo8J6KPEaJ0VWOh5Pzkbw/RetuzehGM7QRRX5he4fPHx2rdKMB256ehJCkX+XRQm16eZLqLNS8RSZXZw==
  dependencies:
    ms "^2.1.1"

decamelize@^1.2.0:
  version "1.2.0"
  resolved "https://registry.yarnpkg.com/decamelize/-/decamelize-1.2.0.tgz#f6534d15148269b20352e7bee26f501f9a191290"
  integrity sha1-9lNNFRSCabIDUue+4m9QH5oZEpA=

deep-equal@1.x, deep-equal@^1.0.0:
  version "1.1.1"
  resolved "https://registry.yarnpkg.com/deep-equal/-/deep-equal-1.1.1.tgz#b5c98c942ceffaf7cb051e24e1434a25a2e6076a"
  integrity sha512-yd9c5AdiqVcR+JjcwUQb9DkhJc8ngNr0MahEBGvDiJw8puWab2yZlh+nkasOnZP+EGTAP6rRp2JzJhJZzvNF8g==
  dependencies:
    is-arguments "^1.0.4"
    is-date-object "^1.0.1"
    is-regex "^1.0.4"
    object-is "^1.0.1"
    object-keys "^1.1.1"
    regexp.prototype.flags "^1.2.0"

define-properties@^1.1.2:
  version "1.1.3"
  resolved "https://registry.yarnpkg.com/define-properties/-/define-properties-1.1.3.tgz#cf88da6cbee26fe6db7094f61d870cbd84cee9f1"
  integrity sha512-3MqfYKj2lLzdMSf8ZIZE/V+Zuy+BgD6f164e8K2w7dgnpKArBDerGYpM46IYYcjnkdPNMjPk9A6VFB8+3SKlXQ==
  dependencies:
    object-keys "^1.0.12"

depd@1.1.2:
  version "1.1.2"
  resolved "https://registry.yarnpkg.com/depd/-/depd-1.1.2.tgz#9bcd52e14c097763e749b274c4346ed2e560b5a9"
  integrity sha1-m81S4UwJd2PnSbJ0xDRu0uVgtak=

emoji-regex@^8.0.0:
  version "8.0.0"
  resolved "https://registry.yarnpkg.com/emoji-regex/-/emoji-regex-8.0.0.tgz#e818fd69ce5ccfcb404594f842963bf53164cc37"
  integrity sha512-MSjYzcWNOA0ewAHpz0MxpYFvwg6yjy1NG3xteoqz644VCo/RPgnr1/GGt+ic3iJTzQ8Eu3TdM14SawnVUmGE6A==

extsprintf@1.3.0:
  version "1.3.0"
  resolved "https://registry.yarnpkg.com/extsprintf/-/extsprintf-1.3.0.tgz#96918440e3041a7a414f8c52e3c574eb3c3e1e05"
  integrity sha1-lpGEQOMEGnpBT4xS48V06zw+HgU=

extsprintf@^1.2.0:
  version "1.4.0"
  resolved "https://registry.yarnpkg.com/extsprintf/-/extsprintf-1.4.0.tgz#e2689f8f356fad62cca65a3a91c5df5f9551692f"
  integrity sha1-4mifjzVvrWLMplo6kcXfX5VRaS8=

find-up@^4.1.0:
  version "4.1.0"
  resolved "https://registry.yarnpkg.com/find-up/-/find-up-4.1.0.tgz#97afe7d6cdc0bc5928584b7c8d7b16e8a9aa5d19"
  integrity sha512-PpOwAdQ/YlXQ2vj8a3h8IipDuYRi3wceVQQGYWxNINccq40Anw7BlsEXCMbt1Zt+OLA6Fq9suIpIWD0OsnISlw==
  dependencies:
    locate-path "^5.0.0"
    path-exists "^4.0.0"

function-bind@^1.1.1:
  version "1.1.1"
  resolved "https://registry.yarnpkg.com/function-bind/-/function-bind-1.1.1.tgz#a56899d3ea3c9bab874bb9773b7c5ede92f4895d"
  integrity sha512-yIovAzMX49sF8Yl58fSCWJ5svSLuaibPxXQJFLmBObTuCr0Mf1KiPopGM9NiFjiYBCbfaa2Fh6breQ6ANVTI0A==

geojson-equality@0.1.6:
  version "0.1.6"
  resolved "https://registry.yarnpkg.com/geojson-equality/-/geojson-equality-0.1.6.tgz#a171374ef043e5d4797995840bae4648e0752d72"
  integrity sha1-oXE3TvBD5dR5eZWEC65GSOB1LXI=
  dependencies:
    deep-equal "^1.0.0"

geojson-rbush@3.x:
  version "3.1.2"
  resolved "https://registry.yarnpkg.com/geojson-rbush/-/geojson-rbush-3.1.2.tgz#577d6ec70ba986d4e60b741f1df5147faeb82c97"
  integrity sha512-grkfdg3HIeTjwTfiJe5FT8+fGU3fABCc+vRJDBwdQz9kkLF0Sbif2gs2JUzjewwgmnvLGy9fInySDeADoNuk7w==
  dependencies:
    "@turf/bbox" "*"
    "@turf/helpers" "6.x"
    "@turf/meta" "6.x"
    rbush "^2.0.0"

get-caller-file@^2.0.1:
  version "2.0.5"
  resolved "https://registry.yarnpkg.com/get-caller-file/-/get-caller-file-2.0.5.tgz#4f94412a82db32f36e3b0b9741f8a97feb031f7e"
  integrity sha512-DyFP3BM/3YHTQOCUL/w0OZHR0lpKeGrxotcHWcqNEdnltqFwXVfhEBQ94eIo34AfQpo0rGki4cyIiftY06h2Fg==

graphlib@^2.1.8:
  version "2.1.8"
  resolved "https://registry.yarnpkg.com/graphlib/-/graphlib-2.1.8.tgz#5761d414737870084c92ec7b5dbcb0592c9d35da"
  integrity sha512-jcLLfkpoVGmH7/InMC/1hIvOPSUh38oJtGhvrOFGzioE1DZ+0YW16RgmOJhHiuWTvGiJQ9Z1Ik43JvkRPRvE+A==
  dependencies:
    lodash "^4.17.15"

has@^1.0.1:
  version "1.0.3"
  resolved "https://registry.yarnpkg.com/has/-/has-1.0.3.tgz#722d7cbfc1f6aa8241f16dd814e011e1f41e8796"
  integrity sha512-f2dvO0VU6Oej7RkWJGrehjbzMAjFp5/VKPp5tTpWIV4JHHZK1/BxbFRtf/siA2SWTe09caDmVtYYzWEIbBS4zw==
  dependencies:
    function-bind "^1.1.1"

ip-regex@^2.1.0:
  version "2.1.0"
  resolved "https://registry.yarnpkg.com/ip-regex/-/ip-regex-2.1.0.tgz#fa78bf5d2e6913c911ce9f819ee5146bb6d844e9"
  integrity sha1-+ni/XS5pE8kRzp+BnuUUa7bYROk=

ip6addr@^0.2.2:
  version "0.2.3"
  resolved "https://registry.yarnpkg.com/ip6addr/-/ip6addr-0.2.3.tgz#660df0d27092434f0aadee025aba8337c6d7d4d4"
  integrity sha512-qA9DXRAUW+lT47/i/4+Q3GHPwZjGt/atby1FH/THN6GVATA6+Pjp2nztH7k6iKeil7hzYnBwfSsxjthlJ8lJKw==
  dependencies:
    assert-plus "^1.0.0"
    jsprim "^1.4.0"

is-arguments@^1.0.4:
  version "1.0.4"
  resolved "https://registry.yarnpkg.com/is-arguments/-/is-arguments-1.0.4.tgz#3faf966c7cba0ff437fb31f6250082fcf0448cf3"
  integrity sha512-xPh0Rmt8NE65sNzvyUmWgI1tz3mKq74lGA0mL8LYZcoIzKOzDh6HmrYm3d18k60nHerC8A9Km8kYu87zfSFnLA==

is-cidr@^3.0.0:
  version "3.1.0"
  resolved "https://registry.yarnpkg.com/is-cidr/-/is-cidr-3.1.0.tgz#72e233d8e1c4cd1d3f11713fcce3eba7b0e3476f"
  integrity sha512-3kxTForpuj8O4iHn0ocsn1jxRm5VYm60GDghK6HXmpn4IyZOoRy9/GmdjFA2yEMqw91TB1/K3bFTuI7FlFNR1g==
  dependencies:
    cidr-regex "^2.0.10"

is-date-object@^1.0.1:
  version "1.0.1"
  resolved "https://registry.yarnpkg.com/is-date-object/-/is-date-object-1.0.1.tgz#9aa20eb6aeebbff77fbd33e74ca01b33581d3a16"
  integrity sha1-mqIOtq7rv/d/vTPnTKAbM1gdOhY=

is-fullwidth-code-point@^3.0.0:
  version "3.0.0"
  resolved "https://registry.yarnpkg.com/is-fullwidth-code-point/-/is-fullwidth-code-point-3.0.0.tgz#f116f8064fe90b3f7844a38997c0b75051269f1d"
  integrity sha512-zymm5+u+sCsSWyD9qNaejV3DFvhCKclKdizYaJUuHA83RLjb7nSuGnddCHGv0hk+KY7BMAlsWeK4Ueg6EV6XQg==

is-plain-object@^3.0.0:
  version "3.0.0"
  resolved "https://registry.yarnpkg.com/is-plain-object/-/is-plain-object-3.0.0.tgz#47bfc5da1b5d50d64110806c199359482e75a928"
  integrity sha512-tZIpofR+P05k8Aocp7UI/2UTa9lTJSebCXpFFoR9aibpokDj/uXBsJ8luUu0tTVYKkMU6URDUuOfJZ7koewXvg==
  dependencies:
    isobject "^4.0.0"

is-regex@^1.0.4:
  version "1.0.4"
  resolved "https://registry.yarnpkg.com/is-regex/-/is-regex-1.0.4.tgz#5517489b547091b0930e095654ced25ee97e9491"
  integrity sha1-VRdIm1RwkbCTDglWVM7SXul+lJE=
  dependencies:
    has "^1.0.1"

isobject@^4.0.0:
  version "4.0.0"
  resolved "https://registry.yarnpkg.com/isobject/-/isobject-4.0.0.tgz#3f1c9155e73b192022a80819bacd0343711697b0"
  integrity sha512-S/2fF5wH8SJA/kmwr6HYhK/RI/OkhD84k8ntalo0iJjZikgq1XFvR5M8NPT1x5F7fBwCG3qHfnzeP/Vh/ZxCUA==

jexl@^2.2.1:
  version "2.2.2"
  resolved "https://registry.yarnpkg.com/jexl/-/jexl-2.2.2.tgz#eb06cd84684a52b6408be94604c5529f416ccd2f"
  integrity sha512-HYDGbiZtGLbaxp1b0S7Nqbtegu5zhxaUBzsrMIpoEJDNr1M8lSuowpO7ziXldc/+wGGvwkZYQSS8mW2cPpiGgA==

js-string-escape@^1.0.1:
  version "1.0.1"
  resolved "https://registry.yarnpkg.com/js-string-escape/-/js-string-escape-1.0.1.tgz#e2625badbc0d67c7533e9edc1068c587ae4137ef"
  integrity sha1-4mJbrbwNZ8dTPp7cEGjFh65BN+8=

json-schema@0.2.3:
  version "0.2.3"
  resolved "https://registry.yarnpkg.com/json-schema/-/json-schema-0.2.3.tgz#b480c892e59a2f05954ce727bd3f2a4e882f9e13"
  integrity sha1-tIDIkuWaLwWVTOcnvT8qTogvnhM=

json5@1.0.1:
  version "1.0.1"
  resolved "https://registry.yarnpkg.com/json5/-/json5-1.0.1.tgz#779fb0018604fa854eacbf6252180d83543e3dbe"
  integrity sha512-aKS4WQjPenRxiQsC93MNfjx+nbF4PAdYzmd/1JIj8HYzqfbu86beTuNgXDzPknWk0n0uARlyewZo4s++ES36Ow==
  dependencies:
    minimist "^1.2.0"

jsprim@^1.4.0:
  version "1.4.1"
  resolved "https://registry.yarnpkg.com/jsprim/-/jsprim-1.4.1.tgz#313e66bc1e5cc06e438bc1b7499c2e5c56acb6a2"
  integrity sha1-MT5mvB5cwG5Di8G3SZwuXFastqI=
  dependencies:
    assert-plus "1.0.0"
    extsprintf "1.3.0"
    json-schema "0.2.3"
    verror "1.10.0"

kind-of@^6.0.2:
  version "6.0.2"
  resolved "https://registry.yarnpkg.com/kind-of/-/kind-of-6.0.2.tgz#01146b36a6218e64e58f3a8d66de5d7fc6f6d051"
  integrity sha512-s5kLOcnH0XqDO+FvuaLX8DDjZ18CGFk7VygH40QoKPUQhW4e2rvM0rwUq0t8IQDOwYSeLK01U90OjzBTme2QqA==

latlon-geohash@^1.1.0:
  version "1.1.0"
  resolved "https://registry.yarnpkg.com/latlon-geohash/-/latlon-geohash-1.1.0.tgz#7abe15224c4800e3eaecac71c753a20bfb6cbf65"
  integrity sha1-er4VIkxIAOPq7Kxxx1OiC/tsv2U=

locate-path@^5.0.0:
  version "5.0.0"
  resolved "https://registry.yarnpkg.com/locate-path/-/locate-path-5.0.0.tgz#1afba396afd676a6d42504d0a67a3a7eb9f62aa0"
  integrity sha512-t7hw9pI+WvuwNJXwk5zVHpyhIqzg2qTlklJOf0mVxGSbe3Fp2VieZcduNYjaLDoy6p9uGpQEGWG87WpMKlNq8g==
  dependencies:
    p-locate "^4.1.0"

lodash.clonedeep@4.5.0, lodash.clonedeep@^4.5.0:
  version "4.5.0"
  resolved "https://registry.yarnpkg.com/lodash.clonedeep/-/lodash.clonedeep-4.5.0.tgz#e23f3f9c4f8fbdde872529c1071857a086e5ccef"
  integrity sha1-4j8/nE+Pvd6HJSnBBxhXoIblzO8=

lodash.get@^4.4.2:
  version "4.4.2"
  resolved "https://registry.yarnpkg.com/lodash.get/-/lodash.get-4.4.2.tgz#2d177f652fa31e939b4438d5341499dfa3825e99"
  integrity sha1-LRd/ZS+jHpObRDjVNBSZ36OCXpk=

lodash.set@^4.3.2:
  version "4.3.2"
  resolved "https://registry.yarnpkg.com/lodash.set/-/lodash.set-4.3.2.tgz#d8757b1da807dde24816b0d6a84bea1a76230b23"
  integrity sha1-2HV7HagH3eJIFrDWqEvqGnYjCyM=

lodash.unset@^4.5.2:
  version "4.5.2"
  resolved "https://registry.yarnpkg.com/lodash.unset/-/lodash.unset-4.5.2.tgz#370d1d3e85b72a7e1b0cdf2d272121306f23e4ed"
  integrity sha1-Nw0dPoW3Kn4bDN8tJyEhMG8j5O0=

lodash@^4.17.11, lodash@^4.17.15:
  version "4.17.15"
  resolved "https://registry.yarnpkg.com/lodash/-/lodash-4.17.15.tgz#b447f6670a0455bbfeedd11392eff330ea097548"
  integrity sha512-8xOcRHvCjnocdS5cpwXQXVzmmh5e5+saE2QGoeQmbKmRS6J3VQppPOIt0MnmE+4xlZoumy0GPG0D0MVIQbNA1A==

minimist@^1.2.0:
  version "1.2.0"
  resolved "https://registry.yarnpkg.com/minimist/-/minimist-1.2.0.tgz#a35008b20f41383eec1fb914f4cd5df79a264284"
  integrity sha1-o1AIsg9BOD7sH7kU9M1d95omQoQ=

moment@2.22.2:
  version "2.22.2"
  resolved "https://registry.yarnpkg.com/moment/-/moment-2.22.2.tgz#3c257f9839fc0e93ff53149632239eb90783ff66"
  integrity sha1-PCV/mDn8DpP/UxSWMiOeuQeD/2Y=

moment@^2.22.2:
  version "2.24.0"
  resolved "https://registry.yarnpkg.com/moment/-/moment-2.24.0.tgz#0d055d53f5052aa653c9f6eb68bb5d12bf5c2b5b"
  integrity sha512-bV7f+6l2QigeBBZSM/6yTNq4P2fNpSWj/0e7jQcy87A8e7o2nAfP/34/2ky5Vw4B9S446EtIhodAzkFCcR4dQg==

ms@^2.1.1:
  version "2.1.2"
  resolved "https://registry.yarnpkg.com/ms/-/ms-2.1.2.tgz#d09d1f357b443f493382a8eb3ccd183872ae6009"
  integrity sha512-sGkPx+VjMtmA6MX27oA4FBFELFCZZ4S4XqeGOXCv68tT+jb3vk/RyaKWP0PTKyWtmLSM0b+adUTEvbs1PEaH2w==

nanoid@^2.1.0:
  version "2.1.2"
  resolved "https://registry.yarnpkg.com/nanoid/-/nanoid-2.1.2.tgz#5c63a913f4fbf4afff2004c7bb42dee8e627baf4"
  integrity sha512-q0iKJHcLc9rZg/qtJ/ioG5s6/5357bqvkYCpqXJxpcyfK7L5us8+uJllZosqPWou7l6E1lY2Qqoq5ce+AMbFuQ==

object-is@^1.0.1:
  version "1.0.1"
  resolved "https://registry.yarnpkg.com/object-is/-/object-is-1.0.1.tgz#0aa60ec9989a0b3ed795cf4d06f62cf1ad6539b6"
  integrity sha1-CqYOyZiaCz7Xlc9NBvYs8a1lObY=

object-keys@^1.0.12, object-keys@^1.1.1:
  version "1.1.1"
  resolved "https://registry.yarnpkg.com/object-keys/-/object-keys-1.1.1.tgz#1c47f272df277f3b1daf061677d9c82e2322c60e"
  integrity sha512-NuAESUOUMrlIXOfHKzD6bpPu3tYt3xvjNdRIQ+FeT0lNb4K8WR70CaDxhuNguS2XG+GjkyMwOzsN5ZktImfhLA==

p-limit@^2.2.0:
  version "2.2.1"
  resolved "https://registry.yarnpkg.com/p-limit/-/p-limit-2.2.1.tgz#aa07a788cc3151c939b5131f63570f0dd2009537"
  integrity sha512-85Tk+90UCVWvbDavCLKPOLC9vvY8OwEX/RtKF+/1OADJMVlFfEHOiMTPVyxg7mk/dKa+ipdHm0OUkTvCpMTuwg==
  dependencies:
    p-try "^2.0.0"

p-locate@^4.1.0:
  version "4.1.0"
  resolved "https://registry.yarnpkg.com/p-locate/-/p-locate-4.1.0.tgz#a3428bb7088b3a60292f66919278b7c297ad4f07"
  integrity sha512-R79ZZ/0wAxKGu3oYMlz8jy/kbhsNrS7SKZ7PxEHBgJ5+F2mtFW2fK2cOtBh1cHYkQsbzFV7I+EoRKe6Yt0oK7A==
  dependencies:
    p-limit "^2.2.0"

p-try@^2.0.0:
  version "2.2.0"
  resolved "https://registry.yarnpkg.com/p-try/-/p-try-2.2.0.tgz#cb2868540e313d61de58fafbe35ce9004d5540e6"
  integrity sha512-R4nPAVTAU0B9D35/Gk3uJf/7XYbQcyohSKdvAxIRSNghFl4e71hVoGnBNQz9cWaXxO2I10KTC+3jMdvvoKw6dQ==

path-exists@^4.0.0:
  version "4.0.0"
  resolved "https://registry.yarnpkg.com/path-exists/-/path-exists-4.0.0.tgz#513bdbe2d3b95d7762e8c1137efa195c6c61b5b3"
  integrity sha512-ak9Qy5Q7jYb2Wwcey5Fpvg2KoAc/ZIhLSLOSBmRmygPsGwkVVt0fZa0qrtMz+m6tJTAHfZQ8FnmB4MG4LWy7/w==

quickselect@^1.0.1:
  version "1.1.1"
  resolved "https://registry.yarnpkg.com/quickselect/-/quickselect-1.1.1.tgz#852e412ce418f237ad5b660d70cffac647ae94c2"
  integrity sha512-qN0Gqdw4c4KGPsBOQafj6yj/PA6c/L63f6CaZ/DCF/xF4Esu3jVmKLUDYxghFx8Kb/O7y9tI7x2RjTSXwdK1iQ==

rbush@^2.0.0:
  version "2.0.2"
  resolved "https://registry.yarnpkg.com/rbush/-/rbush-2.0.2.tgz#bb6005c2731b7ba1d5a9a035772927d16a614605"
  integrity sha512-XBOuALcTm+O/H8G90b6pzu6nX6v2zCKiFG4BJho8a+bY6AER6t8uQUZdi5bomQc0AprCWhEGa7ncAbbRap0bRA==
  dependencies:
    quickselect "^1.0.1"

regexp.prototype.flags@^1.2.0:
  version "1.2.0"
  resolved "https://registry.yarnpkg.com/regexp.prototype.flags/-/regexp.prototype.flags-1.2.0.tgz#6b30724e306a27833eeb171b66ac8890ba37e41c"
  integrity sha512-ztaw4M1VqgMwl9HlPpOuiYgItcHlunW0He2fE6eNfT6E/CF2FtYi9ofOYe4mKntstYk0Fyh/rDRBdS3AnxjlrA==
  dependencies:
    define-properties "^1.1.2"

require-directory@^2.1.1:
  version "2.1.1"
  resolved "https://registry.yarnpkg.com/require-directory/-/require-directory-2.1.1.tgz#8c64ad5fd30dab1c976e2344ffe7f792a6a6df42"
  integrity sha1-jGStX9MNqxyXbiNE/+f3kqam30I=

require-main-filename@^2.0.0:
  version "2.0.0"
  resolved "https://registry.yarnpkg.com/require-main-filename/-/require-main-filename-2.0.0.tgz#d0b329ecc7cc0f61649f62215be69af54aa8989b"
  integrity sha512-NKN5kMDylKuldxYLSUfrbo5Tuzh4hd+2E8NPPX02mZtn1VuREQToYe/ZdlJy+J3uCpfaiGF05e7B8W0iXbQHmg==

set-blocking@^2.0.0:
  version "2.0.0"
  resolved "https://registry.yarnpkg.com/set-blocking/-/set-blocking-2.0.0.tgz#045f9782d011ae9a6803ddd382b24392b3d890f7"
  integrity sha1-BF+XgtARrppoA93TgrJDkrPYkPc=

shortid@^2.2.14:
  version "2.2.15"
  resolved "https://registry.yarnpkg.com/shortid/-/shortid-2.2.15.tgz#2b902eaa93a69b11120373cd42a1f1fe4437c122"
  integrity sha512-5EaCy2mx2Jgc/Fdn9uuDuNIIfWBpzY4XIlhoqtXF6qsf+/+SGZ+FxDdX/ZsMZiWupIWNqAEmiNY4RC+LSmCeOw==
  dependencies:
    nanoid "^2.1.0"

string-width@^4.1.0, string-width@^4.2.0:
  version "4.2.0"
  resolved "https://registry.yarnpkg.com/string-width/-/string-width-4.2.0.tgz#952182c46cc7b2c313d1596e623992bd163b72b5"
  integrity sha512-zUz5JD+tgqtuDjMhwIg5uFVV3dtqZ9yQJlZVfq4I01/K5Paj5UHj7VyrQOJvzawSVlKpObApbfD0Ed6yJc+1eg==
  dependencies:
    emoji-regex "^8.0.0"
    is-fullwidth-code-point "^3.0.0"
    strip-ansi "^6.0.0"

strip-ansi@^6.0.0:
  version "6.0.0"
  resolved "https://registry.yarnpkg.com/strip-ansi/-/strip-ansi-6.0.0.tgz#0b1571dd7669ccd4f3e06e14ef1eed26225ae532"
  integrity sha512-AuvKTrTfQNYNIctbR1K/YGTR1756GycPsg7b9bdV9Duqur4gv6aKqHXah67Z8ImS7WEz5QVcOtlfW2rZEugt6w==
  dependencies:
    ansi-regex "^5.0.0"

timsort@^0.3.0:
  version "0.3.0"
  resolved "https://registry.yarnpkg.com/timsort/-/timsort-0.3.0.tgz#405411a8e7e6339fe64db9a234de11dc31e02bd4"
  integrity sha1-QFQRqOfmM5/mTbmiNN4R3DHgK9Q=

ts-transforms@^0.28.0:
  version "0.28.0"
  resolved "https://registry.yarnpkg.com/ts-transforms/-/ts-transforms-0.28.0.tgz#d261021fa0efb71fd513bf2bb69f162c296e1b80"
  integrity sha512-0aOwsSPgK7dOoX3uzaNjfvv2tIPJNBuHcRXW8qzHbv3G50JNFGfGnNcbyvMU/A0OM0IBtpaoGiN9CSsii5KBEg==
  dependencies:
    "@terascope/utils" "^0.21.0"
    "@types/graphlib" "^2.1.5"
    "@types/shortid" "^0.0.29"
    awesome-phonenumber "^2.24.0"
    graphlib "^2.1.8"
    jexl "^2.2.1"
    shortid "^2.2.14"
    valid-url "^1.0.9"
    validator "^12.1.0"
    xlucene-evaluator "^0.15.0"
    yargs "^15.0.2"

uuid@^3.3.3:
  version "3.3.3"
  resolved "https://registry.yarnpkg.com/uuid/-/uuid-3.3.3.tgz#4568f0216e78760ee1dbf3a4d2cf53e224112866"
  integrity sha512-pW0No1RGHgzlpHJO1nsVrHKpOEIxkGg1xB+v0ZmdNH5OAeAwzAVrCnI2/6Mtx+Uys6iaylxa+D3g4j63IKKjSQ==

valid-url@^1.0.9:
  version "1.0.9"
  resolved "https://registry.yarnpkg.com/valid-url/-/valid-url-1.0.9.tgz#1c14479b40f1397a75782f115e4086447433a200"
  integrity sha1-HBRHm0DxOXp1eC8RXkCGRHQzogA=

validator@10.8.0:
  version "10.8.0"
  resolved "https://registry.yarnpkg.com/validator/-/validator-10.8.0.tgz#8acb15a5c39411cbc8ef2be0c98c2514da4410a7"
  integrity sha512-mXqMxfCh5NLsVgYVKl9WvnHNDPCcbNppHSPPowu0VjtSsGWVY+z8hJF44edLR1nbLNzi3jYoYsIl8KZpioIk6g==

validator@^12.1.0:
  version "12.1.0"
  resolved "https://registry.yarnpkg.com/validator/-/validator-12.1.0.tgz#a3a7315d5238cbc15e46ad8d5e479aafa7119925"
  integrity sha512-gIC2RBuFRi574Rb9vewGCJ7TCLxHXNx6EKthEgs+Iz0pYa9a9Te1VLG/bGLsAyGWrqR5FfR7tbFUI7FEF2LiGA==

verror@1.10.0:
  version "1.10.0"
  resolved "https://registry.yarnpkg.com/verror/-/verror-1.10.0.tgz#3a105ca17053af55d6e270c1f8288682e18da400"
  integrity sha1-OhBcoXBTr1XW4nDB+CiGguGNpAA=
  dependencies:
    assert-plus "^1.0.0"
    core-util-is "1.0.2"
    extsprintf "^1.2.0"

which-module@^2.0.0:
  version "2.0.0"
  resolved "https://registry.yarnpkg.com/which-module/-/which-module-2.0.0.tgz#d9ef07dce77b9902b8a3a8fa4b31c3e3f7e6e87a"
  integrity sha1-2e8H3Od7mQK4o6j6SzHD4/fm6Ho=

wrap-ansi@^6.2.0:
  version "6.2.0"
  resolved "https://registry.yarnpkg.com/wrap-ansi/-/wrap-ansi-6.2.0.tgz#e9393ba07102e6c91a3b221478f0257cd2856e53"
  integrity sha512-r6lPcBGxZXlIcymEu7InxDMhdW0KDxpLgoFLcguasxCaJ/SOIZwINatK9KY/tf+ZrlywOKU0UDj3ATXUBfxJXA==
  dependencies:
    ansi-styles "^4.0.0"
    string-width "^4.1.0"
    strip-ansi "^6.0.0"

xlucene-evaluator@^0.15.0:
  version "0.15.0"
  resolved "https://registry.yarnpkg.com/xlucene-evaluator/-/xlucene-evaluator-0.15.0.tgz#373f7992a873a7deae7396004014bdcc832fc996"
  integrity sha512-DtzsI+WNkzu6nC5OaDOUYIbGJ3agXbq1rre4agMMjvvyFIIDUaBcs0eQ/Ct1DzuEV30mexEQc/0I5oCmAz+Hsg==
  dependencies:
    "@terascope/utils" "^0.21.0"
    "@turf/bbox" "^6.0.1"
    "@turf/bbox-polygon" "^6.0.1"
    "@turf/boolean-contains" "^6.0.1"
    "@turf/boolean-disjoint" "^6.0.2"
    "@turf/boolean-equal" "^6.0.1"
    "@turf/boolean-overlap" "^6.0.1"
    "@turf/boolean-point-in-polygon" "^6.0.1"
    "@turf/boolean-within" "^6.0.1"
    "@turf/circle" "^6.0.1"
    "@turf/helpers" "^6.1.4"
    "@turf/line-to-polygon" "^6.0.1"
    date-fns "^2.8.1"
    ip6addr "^0.2.2"
    is-cidr "^3.0.0"
    latlon-geohash "^1.1.0"
    lodash "^4.17.11"

y18n@^4.0.0:
  version "4.0.0"
  resolved "https://registry.yarnpkg.com/y18n/-/y18n-4.0.0.tgz#95ef94f85ecc81d007c264e190a120f0a3c8566b"
  integrity sha512-r9S/ZyXu/Xu9q1tYlpsLIsa3EeLXXk0VwlxqTcFRfg9EhMW+17kbt9G0NrgCmhGb5vT2hyhJZLfDGx+7+5Uj/w==

yargs-parser@11.0.0:
  version "11.0.0"
  resolved "https://registry.yarnpkg.com/yargs-parser/-/yargs-parser-11.0.0.tgz#d9fd0f0cd551a2a2ef9bbf42606ffb6211634232"
  integrity sha512-dvsafRjM45h79WOTvS/dP35Sb31SlGAKz6tFjI97kGC4MJFBuzTZY6TTYHrz0QSMQdkyd8Y+RsOMLr+JY0nPFQ==
  dependencies:
    camelcase "^5.0.0"
    decamelize "^1.2.0"

yargs-parser@^16.1.0:
  version "16.1.0"
  resolved "https://registry.yarnpkg.com/yargs-parser/-/yargs-parser-16.1.0.tgz#73747d53ae187e7b8dbe333f95714c76ea00ecf1"
  integrity sha512-H/V41UNZQPkUMIT5h5hiwg4QKIY1RPvoBV4XcjUbRM8Bk2oKqqyZ0DIEbTFZB0XjbtSPG8SAa/0DxCQmiRgzKg==
  dependencies:
    camelcase "^5.0.0"
    decamelize "^1.2.0"

yargs@^15.0.2:
  version "15.0.2"
  resolved "https://registry.yarnpkg.com/yargs/-/yargs-15.0.2.tgz#4248bf218ef050385c4f7e14ebdf425653d13bd3"
  integrity sha512-GH/X/hYt+x5hOat4LMnCqMd8r5Cv78heOMIJn1hr7QPPBqfeC6p89Y78+WB9yGDvfpCvgasfmWLzNzEioOUD9Q==
  dependencies:
    cliui "^6.0.0"
    decamelize "^1.2.0"
    find-up "^4.1.0"
    get-caller-file "^2.0.1"
    require-directory "^2.1.1"
    require-main-filename "^2.0.0"
    set-blocking "^2.0.0"
    string-width "^4.2.0"
    which-module "^2.0.0"
    y18n "^4.0.0"
    yargs-parser "^16.1.0"
